// !$*UTF8*$!
{
	archiveVersion = 1;
	classes = {
	};
	objectVersion = 46;
	objects = {

/* Begin PBXBuildFile section */
		044837931B7040A200FE78F3 /* softUser.m in Sources */ = {isa = PBXBuildFile; fileRef = 044837921B7040A200FE78F3 /* softUser.m */; };
		045816811B71AE3C00C3CBFB /* ActivityRecordsTableViewController.m in Sources */ = {isa = PBXBuildFile; fileRef = 045816801B71AE3C00C3CBFB /* ActivityRecordsTableViewController.m */; };
		045816841B71BA2B00C3CBFB /* addCustomerTableViewController.m in Sources */ = {isa = PBXBuildFile; fileRef = 045816831B71BA2B00C3CBFB /* addCustomerTableViewController.m */; };
		046764B91B70DD6E0011AC81 /* DetailTitleTableViewController.m in Sources */ = {isa = PBXBuildFile; fileRef = 046764B81B70DD6E0011AC81 /* DetailTitleTableViewController.m */; };
		0469B7661B73792D00FEA50A /* modifyTableViewController.m in Sources */ = {isa = PBXBuildFile; fileRef = 0469B7651B73792D00FEA50A /* modifyTableViewController.m */; };
		0491BA661B720D2400F43B9D /* dateToString.m in Sources */ = {isa = PBXBuildFile; fileRef = 0491BA651B720D2400F43B9D /* dateToString.m */; };
		04A05ED21B6F13EB0005B637 /* loginViewController.m in Sources */ = {isa = PBXBuildFile; fileRef = 04A05ED11B6F13EB0005B637 /* loginViewController.m */; };
		04A05ED61B6F14EA0005B637 /* crmSoap.m in Sources */ = {isa = PBXBuildFile; fileRef = 04A05ED51B6F14EA0005B637 /* crmSoap.m */; };
		04A605121B708FF000E4D572 /* myCustomerTableViewController.m in Sources */ = {isa = PBXBuildFile; fileRef = 04A605101B708FF000E4D572 /* myCustomerTableViewController.m */; };
		04B71C9C1B72E392002FF249 /* customerDetailInfoVIew.xib in Resources */ = {isa = PBXBuildFile; fileRef = 04B71C9B1B72E392002FF249 /* customerDetailInfoVIew.xib */; };
		04B71C9E1B72E400002FF249 /* customerActivitysView.xib in Resources */ = {isa = PBXBuildFile; fileRef = 04B71C9D1B72E400002FF249 /* customerActivitysView.xib */; };
		04B71CA11B72E7C4002FF249 /* customerDetailInfoVIew.m in Sources */ = {isa = PBXBuildFile; fileRef = 04B71CA01B72E7C4002FF249 /* customerDetailInfoVIew.m */; };
		04B71CA41B72E80B002FF249 /* customerActivitysView.m in Sources */ = {isa = PBXBuildFile; fileRef = 04B71CA31B72E80B002FF249 /* customerActivitysView.m */; };
		04B71CA71B72E943002FF249 /* lookingCustoerInfoViewViewController.m in Sources */ = {isa = PBXBuildFile; fileRef = 04B71CA61B72E943002FF249 /* lookingCustoerInfoViewViewController.m */; };
		04B71CA91B72EAEA002FF249 /* login_bg@2x.jpg in Resources */ = {isa = PBXBuildFile; fileRef = 04B71CA81B72EAEA002FF249 /* login_bg@2x.jpg */; };
		04B71CAF1B732C01002FF249 /* derailCustomerInfo.plist in Resources */ = {isa = PBXBuildFile; fileRef = 04B71CAE1B732C01002FF249 /* derailCustomerInfo.plist */; };
		04B71CB11B732FFA002FF249 /* customerTableList.plist in Resources */ = {isa = PBXBuildFile; fileRef = 04B71CB01B732FFA002FF249 /* customerTableList.plist */; };
		04B71CB31B733AF2002FF249 /* detailCustomer.plist in Resources */ = {isa = PBXBuildFile; fileRef = 04B71CB21B733AF2002FF249 /* detailCustomer.plist */; };
		E7526E4C1B67504200C6468F /* main.m in Sources */ = {isa = PBXBuildFile; fileRef = E7526E4B1B67504200C6468F /* main.m */; };
		E7526E4F1B67504200C6468F /* AppDelegate.m in Sources */ = {isa = PBXBuildFile; fileRef = E7526E4E1B67504200C6468F /* AppDelegate.m */; };
		E7526E521B67504200C6468F /* CRM.xcdatamodeld in Sources */ = {isa = PBXBuildFile; fileRef = E7526E501B67504200C6468F /* CRM.xcdatamodeld */; };
		E7526E551B67504200C6468F /* ViewController.m in Sources */ = {isa = PBXBuildFile; fileRef = E7526E541B67504200C6468F /* ViewController.m */; };
		E7526E581B67504200C6468F /* Main.storyboard in Resources */ = {isa = PBXBuildFile; fileRef = E7526E561B67504200C6468F /* Main.storyboard */; };
		E7526E5A1B67504200C6468F /* Images.xcassets in Resources */ = {isa = PBXBuildFile; fileRef = E7526E591B67504200C6468F /* Images.xcassets */; };
		E7526E5D1B67504200C6468F /* LaunchScreen.xib in Resources */ = {isa = PBXBuildFile; fileRef = E7526E5B1B67504200C6468F /* LaunchScreen.xib */; };
		E7526E691B67504200C6468F /* CRMTests.m in Sources */ = {isa = PBXBuildFile; fileRef = E7526E681B67504200C6468F /* CRMTests.m */; };
/* End PBXBuildFile section */

/* Begin PBXContainerItemProxy section */
		E7526E631B67504200C6468F /* PBXContainerItemProxy */ = {
			isa = PBXContainerItemProxy;
			containerPortal = E7526E3E1B67504200C6468F /* Project object */;
			proxyType = 1;
			remoteGlobalIDString = E7526E451B67504200C6468F;
			remoteInfo = CRM;
		};
/* End PBXContainerItemProxy section */

/* Begin PBXFileReference section */
		044837911B7040A200FE78F3 /* softUser.h */ = {isa = PBXFileReference; fileEncoding = 4; lastKnownFileType = sourcecode.c.h; path = softUser.h; sourceTree = "<group>"; };
		044837921B7040A200FE78F3 /* softUser.m */ = {isa = PBXFileReference; fileEncoding = 4; lastKnownFileType = sourcecode.c.objc; path = softUser.m; sourceTree = "<group>"; };
		0458167F1B71AE3C00C3CBFB /* ActivityRecordsTableViewController.h */ = {isa = PBXFileReference; fileEncoding = 4; lastKnownFileType = sourcecode.c.h; path = ActivityRecordsTableViewController.h; sourceTree = "<group>"; };
		045816801B71AE3C00C3CBFB /* ActivityRecordsTableViewController.m */ = {isa = PBXFileReference; fileEncoding = 4; lastKnownFileType = sourcecode.c.objc; path = ActivityRecordsTableViewController.m; sourceTree = "<group>"; };
		045816821B71BA2B00C3CBFB /* addCustomerTableViewController.h */ = {isa = PBXFileReference; fileEncoding = 4; lastKnownFileType = sourcecode.c.h; path = addCustomerTableViewController.h; sourceTree = "<group>"; };
		045816831B71BA2B00C3CBFB /* addCustomerTableViewController.m */ = {isa = PBXFileReference; fileEncoding = 4; lastKnownFileType = sourcecode.c.objc; path = addCustomerTableViewController.m; sourceTree = "<group>"; };
		046764B71B70DD6E0011AC81 /* DetailTitleTableViewController.h */ = {isa = PBXFileReference; fileEncoding = 4; lastKnownFileType = sourcecode.c.h; path = DetailTitleTableViewController.h; sourceTree = "<group>"; };
		046764B81B70DD6E0011AC81 /* DetailTitleTableViewController.m */ = {isa = PBXFileReference; fileEncoding = 4; lastKnownFileType = sourcecode.c.objc; path = DetailTitleTableViewController.m; sourceTree = "<group>"; };
		0469B7641B73792D00FEA50A /* modifyTableViewController.h */ = {isa = PBXFileReference; fileEncoding = 4; lastKnownFileType = sourcecode.c.h; path = modifyTableViewController.h; sourceTree = "<group>"; };
		0469B7651B73792D00FEA50A /* modifyTableViewController.m */ = {isa = PBXFileReference; fileEncoding = 4; lastKnownFileType = sourcecode.c.objc; path = modifyTableViewController.m; sourceTree = "<group>"; };
		0491BA641B720D2400F43B9D /* dateToString.h */ = {isa = PBXFileReference; fileEncoding = 4; lastKnownFileType = sourcecode.c.h; path = dateToString.h; sourceTree = "<group>"; };
		0491BA651B720D2400F43B9D /* dateToString.m */ = {isa = PBXFileReference; fileEncoding = 4; lastKnownFileType = sourcecode.c.objc; path = dateToString.m; sourceTree = "<group>"; };
		04A05ED01B6F13EB0005B637 /* loginViewController.h */ = {isa = PBXFileReference; fileEncoding = 4; lastKnownFileType = sourcecode.c.h; path = loginViewController.h; sourceTree = "<group>"; };
		04A05ED11B6F13EB0005B637 /* loginViewController.m */ = {isa = PBXFileReference; fileEncoding = 4; lastKnownFileType = sourcecode.c.objc; path = loginViewController.m; sourceTree = "<group>"; };
		04A05ED41B6F14EA0005B637 /* crmSoap.h */ = {isa = PBXFileReference; fileEncoding = 4; lastKnownFileType = sourcecode.c.h; path = crmSoap.h; sourceTree = "<group>"; };
		04A05ED51B6F14EA0005B637 /* crmSoap.m */ = {isa = PBXFileReference; fileEncoding = 4; lastKnownFileType = sourcecode.c.objc; path = crmSoap.m; sourceTree = "<group>"; };
		04A05EDC1B6F53490005B637 /* crmDelegate.h */ = {isa = PBXFileReference; fileEncoding = 4; lastKnownFileType = sourcecode.c.h; path = crmDelegate.h; sourceTree = "<group>"; };
		04A6050F1B708FF000E4D572 /* myCustomerTableViewController.h */ = {isa = PBXFileReference; fileEncoding = 4; lastKnownFileType = sourcecode.c.h; path = myCustomerTableViewController.h; sourceTree = "<group>"; };
		04A605101B708FF000E4D572 /* myCustomerTableViewController.m */ = {isa = PBXFileReference; fileEncoding = 4; lastKnownFileType = sourcecode.c.objc; path = myCustomerTableViewController.m; sourceTree = "<group>"; };
		04B71C9B1B72E392002FF249 /* customerDetailInfoVIew.xib */ = {isa = PBXFileReference; fileEncoding = 4; lastKnownFileType = file.xib; path = customerDetailInfoVIew.xib; sourceTree = "<group>"; };
		04B71C9D1B72E400002FF249 /* customerActivitysView.xib */ = {isa = PBXFileReference; fileEncoding = 4; lastKnownFileType = file.xib; path = customerActivitysView.xib; sourceTree = "<group>"; };
		04B71C9F1B72E7C4002FF249 /* customerDetailInfoVIew.h */ = {isa = PBXFileReference; fileEncoding = 4; lastKnownFileType = sourcecode.c.h; path = customerDetailInfoVIew.h; sourceTree = "<group>"; };
		04B71CA01B72E7C4002FF249 /* customerDetailInfoVIew.m */ = {isa = PBXFileReference; fileEncoding = 4; lastKnownFileType = sourcecode.c.objc; path = customerDetailInfoVIew.m; sourceTree = "<group>"; };
		04B71CA21B72E80B002FF249 /* customerActivitysView.h */ = {isa = PBXFileReference; fileEncoding = 4; lastKnownFileType = sourcecode.c.h; path = customerActivitysView.h; sourceTree = "<group>"; };
		04B71CA31B72E80B002FF249 /* customerActivitysView.m */ = {isa = PBXFileReference; fileEncoding = 4; lastKnownFileType = sourcecode.c.objc; path = customerActivitysView.m; sourceTree = "<group>"; };
		04B71CA51B72E943002FF249 /* lookingCustoerInfoViewViewController.h */ = {isa = PBXFileReference; fileEncoding = 4; lastKnownFileType = sourcecode.c.h; path = lookingCustoerInfoViewViewController.h; sourceTree = "<group>"; };
		04B71CA61B72E943002FF249 /* lookingCustoerInfoViewViewController.m */ = {isa = PBXFileReference; fileEncoding = 4; lastKnownFileType = sourcecode.c.objc; path = lookingCustoerInfoViewViewController.m; sourceTree = "<group>"; };
		04B71CA81B72EAEA002FF249 /* login_bg@2x.jpg */ = {isa = PBXFileReference; lastKnownFileType = image.jpeg; path = "login_bg@2x.jpg"; sourceTree = "<group>"; };
		04B71CAE1B732C01002FF249 /* derailCustomerInfo.plist */ = {isa = PBXFileReference; fileEncoding = 4; lastKnownFileType = text.plist.xml; path = derailCustomerInfo.plist; sourceTree = "<group>"; };
		04B71CB01B732FFA002FF249 /* customerTableList.plist */ = {isa = PBXFileReference; fileEncoding = 4; lastKnownFileType = text.plist.xml; path = customerTableList.plist; sourceTree = "<group>"; };
		04B71CB21B733AF2002FF249 /* detailCustomer.plist */ = {isa = PBXFileReference; fileEncoding = 4; lastKnownFileType = text.plist.xml; path = detailCustomer.plist; sourceTree = "<group>"; };
		E7526E461B67504200C6468F /* CRM.app */ = {isa = PBXFileReference; explicitFileType = wrapper.application; includeInIndex = 0; path = CRM.app; sourceTree = BUILT_PRODUCTS_DIR; };
		E7526E4A1B67504200C6468F /* Info.plist */ = {isa = PBXFileReference; lastKnownFileType = text.plist.xml; path = Info.plist; sourceTree = "<group>"; };
		E7526E4B1B67504200C6468F /* main.m */ = {isa = PBXFileReference; lastKnownFileType = sourcecode.c.objc; path = main.m; sourceTree = "<group>"; };
		E7526E4D1B67504200C6468F /* AppDelegate.h */ = {isa = PBXFileReference; lastKnownFileType = sourcecode.c.h; path = AppDelegate.h; sourceTree = "<group>"; };
		E7526E4E1B67504200C6468F /* AppDelegate.m */ = {isa = PBXFileReference; lastKnownFileType = sourcecode.c.objc; path = AppDelegate.m; sourceTree = "<group>"; };
		E7526E511B67504200C6468F /* CRM.xcdatamodel */ = {isa = PBXFileReference; lastKnownFileType = wrapper.xcdatamodel; path = CRM.xcdatamodel; sourceTree = "<group>"; };
		E7526E531B67504200C6468F /* ViewController.h */ = {isa = PBXFileReference; lastKnownFileType = sourcecode.c.h; path = ViewController.h; sourceTree = "<group>"; };
		E7526E541B67504200C6468F /* ViewController.m */ = {isa = PBXFileReference; lastKnownFileType = sourcecode.c.objc; path = ViewController.m; sourceTree = "<group>"; };
		E7526E571B67504200C6468F /* Base */ = {isa = PBXFileReference; lastKnownFileType = file.storyboard; name = Base; path = Base.lproj/Main.storyboard; sourceTree = "<group>"; };
		E7526E591B67504200C6468F /* Images.xcassets */ = {isa = PBXFileReference; lastKnownFileType = folder.assetcatalog; path = Images.xcassets; sourceTree = "<group>"; };
		E7526E5C1B67504200C6468F /* Base */ = {isa = PBXFileReference; lastKnownFileType = file.xib; name = Base; path = Base.lproj/LaunchScreen.xib; sourceTree = "<group>"; };
		E7526E621B67504200C6468F /* CRMTests.xctest */ = {isa = PBXFileReference; explicitFileType = wrapper.cfbundle; includeInIndex = 0; path = CRMTests.xctest; sourceTree = BUILT_PRODUCTS_DIR; };
		E7526E671B67504200C6468F /* Info.plist */ = {isa = PBXFileReference; lastKnownFileType = text.plist.xml; path = Info.plist; sourceTree = "<group>"; };
		E7526E681B67504200C6468F /* CRMTests.m */ = {isa = PBXFileReference; lastKnownFileType = sourcecode.c.objc; path = CRMTests.m; sourceTree = "<group>"; };
/* End PBXFileReference section */

/* Begin PBXFrameworksBuildPhase section */
		E7526E431B67504200C6468F /* Frameworks */ = {
			isa = PBXFrameworksBuildPhase;
			buildActionMask = 2147483647;
			files = (
			);
			runOnlyForDeploymentPostprocessing = 0;
		};
		E7526E5F1B67504200C6468F /* Frameworks */ = {
			isa = PBXFrameworksBuildPhase;
			buildActionMask = 2147483647;
			files = (
			);
			runOnlyForDeploymentPostprocessing = 0;
		};
/* End PBXFrameworksBuildPhase section */

/* Begin PBXGroup section */
		0469B7631B73777B00FEA50A /* inages */ = {
			isa = PBXGroup;
			children = (
				04B71CA81B72EAEA002FF249 /* login_bg@2x.jpg */,
			);
			name = inages;
			sourceTree = "<group>";
		};
		04A05ED31B6F13FD0005B637 /* viewControllers */ = {
			isa = PBXGroup;
			children = (
				04B71CA51B72E943002FF249 /* lookingCustoerInfoViewViewController.h */,
				04B71CA61B72E943002FF249 /* lookingCustoerInfoViewViewController.m */,
				045816821B71BA2B00C3CBFB /* addCustomerTableViewController.h */,
				045816831B71BA2B00C3CBFB /* addCustomerTableViewController.m */,
				0458167F1B71AE3C00C3CBFB /* ActivityRecordsTableViewController.h */,
				045816801B71AE3C00C3CBFB /* ActivityRecordsTableViewController.m */,
				046764B71B70DD6E0011AC81 /* DetailTitleTableViewController.h */,
				046764B81B70DD6E0011AC81 /* DetailTitleTableViewController.m */,
				04A6050F1B708FF000E4D572 /* myCustomerTableViewController.h */,
				04A605101B708FF000E4D572 /* myCustomerTableViewController.m */,
				04A05ED01B6F13EB0005B637 /* loginViewController.h */,
				04A05ED11B6F13EB0005B637 /* loginViewController.m */,
			);
			name = viewControllers;
			sourceTree = "<group>";
		};
		04B71C9A1B72E366002FF249 /* VIEWSXIB */ = {
			isa = PBXGroup;
			children = (
				04B71CA21B72E80B002FF249 /* customerActivitysView.h */,
				04B71CA31B72E80B002FF249 /* customerActivitysView.m */,
				04B71C9D1B72E400002FF249 /* customerActivitysView.xib */,
				04B71C9F1B72E7C4002FF249 /* customerDetailInfoVIew.h */,
				04B71CA01B72E7C4002FF249 /* customerDetailInfoVIew.m */,
				04B71C9B1B72E392002FF249 /* customerDetailInfoVIew.xib */,
			);
			name = VIEWSXIB;
			sourceTree = "<group>";
		};
		04B71CAA1B72FA56002FF249 /* soap */ = {
			isa = PBXGroup;
			children = (
				04A05EDC1B6F53490005B637 /* crmDelegate.h */,
				04A05ED41B6F14EA0005B637 /* crmSoap.h */,
				04A05ED51B6F14EA0005B637 /* crmSoap.m */,
			);
			name = soap;
			sourceTree = "<group>";
		};
		E7526E3D1B67504200C6468F = {
			isa = PBXGroup;
			children = (
				0469B7641B73792D00FEA50A /* modifyTableViewController.h */,
				0469B7651B73792D00FEA50A /* modifyTableViewController.m */,
				0469B7631B73777B00FEA50A /* inages */,
				04B71CB21B733AF2002FF249 /* detailCustomer.plist */,
				04B71CB01B732FFA002FF249 /* customerTableList.plist */,
				04B71CAE1B732C01002FF249 /* derailCustomerInfo.plist */,
				04B71CAA1B72FA56002FF249 /* soap */,
				04B71C9A1B72E366002FF249 /* VIEWSXIB */,
				0491BA641B720D2400F43B9D /* dateToString.h */,
				0491BA651B720D2400F43B9D /* dateToString.m */,
				044837911B7040A200FE78F3 /* softUser.h */,
				044837921B7040A200FE78F3 /* softUser.m */,
				04A05ED31B6F13FD0005B637 /* viewControllers */,
				E7526E481B67504200C6468F /* CRM */,
				E7526E651B67504200C6468F /* CRMTests */,
				E7526E471B67504200C6468F /* Products */,
			);
			sourceTree = "<group>";
		};
		E7526E471B67504200C6468F /* Products */ = {
			isa = PBXGroup;
			children = (
				E7526E461B67504200C6468F /* CRM.app */,
				E7526E621B67504200C6468F /* CRMTests.xctest */,
			);
			name = Products;
			sourceTree = "<group>";
		};
		E7526E481B67504200C6468F /* CRM */ = {
			isa = PBXGroup;
			children = (
				E7526E4D1B67504200C6468F /* AppDelegate.h */,
				E7526E4E1B67504200C6468F /* AppDelegate.m */,
				E7526E531B67504200C6468F /* ViewController.h */,
				E7526E541B67504200C6468F /* ViewController.m */,
				E7526E561B67504200C6468F /* Main.storyboard */,
				E7526E591B67504200C6468F /* Images.xcassets */,
				E7526E5B1B67504200C6468F /* LaunchScreen.xib */,
				E7526E501B67504200C6468F /* CRM.xcdatamodeld */,
				E7526E491B67504200C6468F /* Supporting Files */,
			);
			path = CRM;
			sourceTree = "<group>";
		};
		E7526E491B67504200C6468F /* Supporting Files */ = {
			isa = PBXGroup;
			children = (
				E7526E4A1B67504200C6468F /* Info.plist */,
				E7526E4B1B67504200C6468F /* main.m */,
			);
			name = "Supporting Files";
			sourceTree = "<group>";
		};
		E7526E651B67504200C6468F /* CRMTests */ = {
			isa = PBXGroup;
			children = (
				E7526E681B67504200C6468F /* CRMTests.m */,
				E7526E661B67504200C6468F /* Supporting Files */,
			);
			path = CRMTests;
			sourceTree = "<group>";
		};
		E7526E661B67504200C6468F /* Supporting Files */ = {
			isa = PBXGroup;
			children = (
				E7526E671B67504200C6468F /* Info.plist */,
			);
			name = "Supporting Files";
			sourceTree = "<group>";
		};
/* End PBXGroup section */

/* Begin PBXNativeTarget section */
		E7526E451B67504200C6468F /* CRM */ = {
			isa = PBXNativeTarget;
			buildConfigurationList = E7526E6C1B67504200C6468F /* Build configuration list for PBXNativeTarget "CRM" */;
			buildPhases = (
				E7526E421B67504200C6468F /* Sources */,
				E7526E431B67504200C6468F /* Frameworks */,
				E7526E441B67504200C6468F /* Resources */,
			);
			buildRules = (
			);
			dependencies = (
			);
			name = CRM;
			productName = CRM;
			productReference = E7526E461B67504200C6468F /* CRM.app */;
			productType = "com.apple.product-type.application";
		};
		E7526E611B67504200C6468F /* CRMTests */ = {
			isa = PBXNativeTarget;
			buildConfigurationList = E7526E6F1B67504200C6468F /* Build configuration list for PBXNativeTarget "CRMTests" */;
			buildPhases = (
				E7526E5E1B67504200C6468F /* Sources */,
				E7526E5F1B67504200C6468F /* Frameworks */,
				E7526E601B67504200C6468F /* Resources */,
			);
			buildRules = (
			);
			dependencies = (
				E7526E641B67504200C6468F /* PBXTargetDependency */,
			);
			name = CRMTests;
			productName = CRMTests;
			productReference = E7526E621B67504200C6468F /* CRMTests.xctest */;
			productType = "com.apple.product-type.bundle.unit-test";
		};
/* End PBXNativeTarget section */

/* Begin PBXProject section */
		E7526E3E1B67504200C6468F /* Project object */ = {
			isa = PBXProject;
			attributes = {
				LastUpgradeCheck = 0640;
				ORGANIZATIONNAME = crmTeam;
				TargetAttributes = {
					E7526E451B67504200C6468F = {
						CreatedOnToolsVersion = 6.4;
					};
					E7526E611B67504200C6468F = {
						CreatedOnToolsVersion = 6.4;
						TestTargetID = E7526E451B67504200C6468F;
					};
				};
			};
			buildConfigurationList = E7526E411B67504200C6468F /* Build configuration list for PBXProject "CRM" */;
			compatibilityVersion = "Xcode 3.2";
			developmentRegion = English;
			hasScannedForEncodings = 0;
			knownRegions = (
				en,
				Base,
			);
			mainGroup = E7526E3D1B67504200C6468F;
			productRefGroup = E7526E471B67504200C6468F /* Products */;
			projectDirPath = "";
			projectRoot = "";
			targets = (
				E7526E451B67504200C6468F /* CRM */,
				E7526E611B67504200C6468F /* CRMTests */,
			);
		};
/* End PBXProject section */

/* Begin PBXResourcesBuildPhase section */
		E7526E441B67504200C6468F /* Resources */ = {
			isa = PBXResourcesBuildPhase;
			buildActionMask = 2147483647;
			files = (
				04B71CAF1B732C01002FF249 /* derailCustomerInfo.plist in Resources */,
				E7526E581B67504200C6468F /* Main.storyboard in Resources */,
				E7526E5D1B67504200C6468F /* LaunchScreen.xib in Resources */,
				E7526E5A1B67504200C6468F /* Images.xcassets in Resources */,
				04B71C9C1B72E392002FF249 /* customerDetailInfoVIew.xib in Resources */,
				04B71C9E1B72E400002FF249 /* customerActivitysView.xib in Resources */,
				04B71CA91B72EAEA002FF249 /* login_bg@2x.jpg in Resources */,
				04B71CB31B733AF2002FF249 /* detailCustomer.plist in Resources */,
				04B71CB11B732FFA002FF249 /* customerTableList.plist in Resources */,
			);
			runOnlyForDeploymentPostprocessing = 0;
		};
		E7526E601B67504200C6468F /* Resources */ = {
			isa = PBXResourcesBuildPhase;
			buildActionMask = 2147483647;
			files = (
			);
			runOnlyForDeploymentPostprocessing = 0;
		};
/* End PBXResourcesBuildPhase section */

/* Begin PBXSourcesBuildPhase section */
		E7526E421B67504200C6468F /* Sources */ = {
			isa = PBXSourcesBuildPhase;
			buildActionMask = 2147483647;
			files = (
				E7526E4F1B67504200C6468F /* AppDelegate.m in Sources */,
				04A605121B708FF000E4D572 /* myCustomerTableViewController.m in Sources */,
				046764B91B70DD6E0011AC81 /* DetailTitleTableViewController.m in Sources */,
				0491BA661B720D2400F43B9D /* dateToString.m in Sources */,
				04B71CA41B72E80B002FF249 /* customerActivitysView.m in Sources */,
				0469B7661B73792D00FEA50A /* modifyTableViewController.m in Sources */,
				04A05ED21B6F13EB0005B637 /* loginViewController.m in Sources */,
				04A05ED61B6F14EA0005B637 /* crmSoap.m in Sources */,
				045816811B71AE3C00C3CBFB /* ActivityRecordsTableViewController.m in Sources */,
				E7526E4C1B67504200C6468F /* main.m in Sources */,
				044837931B7040A200FE78F3 /* softUser.m in Sources */,
				04B71CA11B72E7C4002FF249 /* customerDetailInfoVIew.m in Sources */,
				E7526E551B67504200C6468F /* ViewController.m in Sources */,
				045816841B71BA2B00C3CBFB /* addCustomerTableViewController.m in Sources */,
				E7526E521B67504200C6468F /* CRM.xcdatamodeld in Sources */,
				04B71CA71B72E943002FF249 /* lookingCustoerInfoViewViewController.m in Sources */,
			);
			runOnlyForDeploymentPostprocessing = 0;
		};
		E7526E5E1B67504200C6468F /* Sources */ = {
			isa = PBXSourcesBuildPhase;
			buildActionMask = 2147483647;
			files = (
				E7526E691B67504200C6468F /* CRMTests.m in Sources */,
			);
			runOnlyForDeploymentPostprocessing = 0;
		};
/* End PBXSourcesBuildPhase section */

/* Begin PBXTargetDependency section */
		E7526E641B67504200C6468F /* PBXTargetDependency */ = {
			isa = PBXTargetDependency;
			target = E7526E451B67504200C6468F /* CRM */;
			targetProxy = E7526E631B67504200C6468F /* PBXContainerItemProxy */;
		};
/* End PBXTargetDependency section */

/* Begin PBXVariantGroup section */
		E7526E561B67504200C6468F /* Main.storyboard */ = {
			isa = PBXVariantGroup;
			children = (
				E7526E571B67504200C6468F /* Base */,
			);
			name = Main.storyboard;
			sourceTree = "<group>";
		};
		E7526E5B1B67504200C6468F /* LaunchScreen.xib */ = {
			isa = PBXVariantGroup;
			children = (
				E7526E5C1B67504200C6468F /* Base */,
			);
			name = LaunchScreen.xib;
			sourceTree = "<group>";
		};
/* End PBXVariantGroup section */

/* Begin XCBuildConfiguration section */
		E7526E6A1B67504200C6468F /* Debug */ = {
			isa = XCBuildConfiguration;
			buildSettings = {
				ALWAYS_SEARCH_USER_PATHS = NO;
				CLANG_CXX_LANGUAGE_STANDARD = "gnu++0x";
				CLANG_CXX_LIBRARY = "libc++";
				CLANG_ENABLE_MODULES = YES;
				CLANG_ENABLE_OBJC_ARC = YES;
				CLANG_WARN_BOOL_CONVERSION = YES;
				CLANG_WARN_CONSTANT_CONVERSION = YES;
				CLANG_WARN_DIRECT_OBJC_ISA_USAGE = YES_ERROR;
				CLANG_WARN_EMPTY_BODY = YES;
				CLANG_WARN_ENUM_CONVERSION = YES;
				CLANG_WARN_INT_CONVERSION = YES;
				CLANG_WARN_OBJC_ROOT_CLASS = YES_ERROR;
				CLANG_WARN_UNREACHABLE_CODE = YES;
				CLANG_WARN__DUPLICATE_METHOD_MATCH = YES;
				"CODE_SIGN_IDENTITY[sdk=iphoneos*]" = "iPhone Developer";
				COPY_PHASE_STRIP = NO;
				DEBUG_INFORMATION_FORMAT = "dwarf-with-dsym";
				ENABLE_STRICT_OBJC_MSGSEND = YES;
				GCC_C_LANGUAGE_STANDARD = gnu99;
				GCC_DYNAMIC_NO_PIC = NO;
				GCC_NO_COMMON_BLOCKS = YES;
				GCC_OPTIMIZATION_LEVEL = 0;
				GCC_PREPROCESSOR_DEFINITIONS = (
					"DEBUG=1",
					"$(inherited)",
				);
				GCC_SYMBOLS_PRIVATE_EXTERN = NO;
				GCC_WARN_64_TO_32_BIT_CONVERSION = YES;
				GCC_WARN_ABOUT_RETURN_TYPE = YES_ERROR;
				GCC_WARN_UNDECLARED_SELECTOR = YES;
				GCC_WARN_UNINITIALIZED_AUTOS = YES_AGGRESSIVE;
				GCC_WARN_UNUSED_FUNCTION = YES;
				GCC_WARN_UNUSED_VARIABLE = YES;
				IPHONEOS_DEPLOYMENT_TARGET = 8.4;
				MTL_ENABLE_DEBUG_INFO = YES;
				ONLY_ACTIVE_ARCH = YES;
				SDKROOT = iphoneos;
			};
			name = Debug;
		};
		E7526E6B1B67504200C6468F /* Release */ = {
			isa = XCBuildConfiguration;
			buildSettings = {
				ALWAYS_SEARCH_USER_PATHS = NO;
				CLANG_CXX_LANGUAGE_STANDARD = "gnu++0x";
				CLANG_CXX_LIBRARY = "libc++";
				CLANG_ENABLE_MODULES = YES;
				CLANG_ENABLE_OBJC_ARC = YES;
				CLANG_WARN_BOOL_CONVERSION = YES;
				CLANG_WARN_CONSTANT_CONVERSION = YES;
				CLANG_WARN_DIRECT_OBJC_ISA_USAGE = YES_ERROR;
				CLANG_WARN_EMPTY_BODY = YES;
				CLANG_WARN_ENUM_CONVERSION = YES;
				CLANG_WARN_INT_CONVERSION = YES;
				CLANG_WARN_OBJC_ROOT_CLASS = YES_ERROR;
				CLANG_WARN_UNREACHABLE_CODE = YES;
				CLANG_WARN__DUPLICATE_METHOD_MATCH = YES;
				"CODE_SIGN_IDENTITY[sdk=iphoneos*]" = "iPhone Developer";
				COPY_PHASE_STRIP = NO;
				DEBUG_INFORMATION_FORMAT = "dwarf-with-dsym";
				ENABLE_NS_ASSERTIONS = NO;
				ENABLE_STRICT_OBJC_MSGSEND = YES;
				GCC_C_LANGUAGE_STANDARD = gnu99;
				GCC_NO_COMMON_BLOCKS = YES;
				GCC_WARN_64_TO_32_BIT_CONVERSION = YES;
				GCC_WARN_ABOUT_RETURN_TYPE = YES_ERROR;
				GCC_WARN_UNDECLARED_SELECTOR = YES;
				GCC_WARN_UNINITIALIZED_AUTOS = YES_AGGRESSIVE;
				GCC_WARN_UNUSED_FUNCTION = YES;
				GCC_WARN_UNUSED_VARIABLE = YES;
				IPHONEOS_DEPLOYMENT_TARGET = 8.4;
				MTL_ENABLE_DEBUG_INFO = NO;
				SDKROOT = iphoneos;
				VALIDATE_PRODUCT = YES;
			};
			name = Release;
		};
		E7526E6D1B67504200C6468F /* Debug */ = {
			isa = XCBuildConfiguration;
			buildSettings = {
				ASSETCATALOG_COMPILER_APPICON_NAME = AppIcon;
				INFOPLIST_FILE = CRM/Info.plist;
				LD_RUNPATH_SEARCH_PATHS = "$(inherited) @executable_path/Frameworks";
				PRODUCT_NAME = "$(TARGET_NAME)";
			};
			name = Debug;
		};
		E7526E6E1B67504200C6468F /* Release */ = {
			isa = XCBuildConfiguration;
			buildSettings = {
				ASSETCATALOG_COMPILER_APPICON_NAME = AppIcon;
				INFOPLIST_FILE = CRM/Info.plist;
				LD_RUNPATH_SEARCH_PATHS = "$(inherited) @executable_path/Frameworks";
				PRODUCT_NAME = "$(TARGET_NAME)";
			};
			name = Release;
		};
		E7526E701B67504200C6468F /* Debug */ = {
			isa = XCBuildConfiguration;
			buildSettings = {
				BUNDLE_LOADER = "$(TEST_HOST)";
				FRAMEWORK_SEARCH_PATHS = (
					"$(SDKROOT)/Developer/Library/Frameworks",
					"$(inherited)",
				);
				GCC_PREPROCESSOR_DEFINITIONS = (
					"DEBUG=1",
					"$(inherited)",
				);
				INFOPLIST_FILE = CRMTests/Info.plist;
				LD_RUNPATH_SEARCH_PATHS = "$(inherited) @executable_path/Frameworks @loader_path/Frameworks";
				PRODUCT_NAME = "$(TARGET_NAME)";
				TEST_HOST = "$(BUILT_PRODUCTS_DIR)/CRM.app/CRM";
			};
			name = Debug;
		};
		E7526E711B67504200C6468F /* Release */ = {
			isa = XCBuildConfiguration;
			buildSettings = {
				BUNDLE_LOADER = "$(TEST_HOST)";
				FRAMEWORK_SEARCH_PATHS = (
					"$(SDKROOT)/Developer/Library/Frameworks",
					"$(inherited)",
				);
				INFOPLIST_FILE = CRMTests/Info.plist;
				LD_RUNPATH_SEARCH_PATHS = "$(inherited) @executable_path/Frameworks @loader_path/Frameworks";
				PRODUCT_NAME = "$(TARGET_NAME)";
				TEST_HOST = "$(BUILT_PRODUCTS_DIR)/CRM.app/CRM";
			};
			name = Release;
		};
/* End XCBuildConfiguration section */

/* Begin XCConfigurationList section */
		E7526E411B67504200C6468F /* Build configuration list for PBXProject "CRM" */ = {
			isa = XCConfigurationList;
			buildConfigurations = (
				E7526E6A1B67504200C6468F /* Debug */,
				E7526E6B1B67504200C6468F /* Release */,
			);
			defaultConfigurationIsVisible = 0;
			defaultConfigurationName = Release;
		};
		E7526E6C1B67504200C6468F /* Build configuration list for PBXNativeTarget "CRM" */ = {
			isa = XCConfigurationList;
			buildConfigurations = (
				E7526E6D1B67504200C6468F /* Debug */,
				E7526E6E1B67504200C6468F /* Release */,
			);
			defaultConfigurationIsVisible = 0;
			defaultConfigurationName = Release;
		};
		E7526E6F1B67504200C6468F /* Build configuration list for PBXNativeTarget "CRMTests" */ = {
			isa = XCConfigurationList;
			buildConfigurations = (
				E7526E701B67504200C6468F /* Debug */,
				E7526E711B67504200C6468F /* Release */,
			);
			defaultConfigurationIsVisible = 0;
			defaultConfigurationName = Release;
		};
/* End XCConfigurationList section */

/* Begin XCVersionGroup section */
		E7526E501B67504200C6468F /* CRM.xcdatamodeld */ = {
			isa = XCVersionGroup;
			children = (
				E7526E511B67504200C6468F /* CRM.xcdatamodel */,
			);
			currentVersion = E7526E511B67504200C6468F /* CRM.xcdatamodel */;
			path = CRM.xcdatamodeld;
			sourceTree = "<group>";
			versionGroupType = wrapper.xcdatamodel;
		};
/* End XCVersionGroup section */
	};
	rootObject = E7526E3E1B67504200C6468F /* Project object */;
}
